
Microsoft Visual Studio Solution File, Format Version 12.00
# Visual Studio Version 16
VisualStudioVersion = 16.0.31613.86
MinimumVisualStudioVersion = 10.0.40219.1
Project("{FAE04EC0-301F-11D3-BF4B-00C04F79EFBC}") = "AGENDA_ESTUDIANTE", "AGENDA_ESTUDIANTE\AGENDA_ESTUDIANTE.csproj", "{998FDE0E-74E2-412E-9EE7-D0FC4CAD2096}"
EndProject
Global
	GlobalSection(SolutionConfigurationPlatforms) = preSolution
		Debug|Any CPU = Debug|Any CPU
		Release|Any CPU = Release|Any CPU
	EndGlobalSection
	GlobalSection(ProjectConfigurationPlatforms) = postSolution
		{998FDE0E-74E2-412E-9EE7-D0FC4CAD2096}.Debug|Any CPU.ActiveCfg = Debug|Any CPU
		{998FDE0E-74E2-412E-9EE7-D0FC4CAD2096}.Debug|Any CPU.Build.0 = Debug|Any CPU
		{998FDE0E-74E2-412E-9EE7-D0FC4CAD2096}.Release|Any CPU.ActiveCfg = Release|Any CPU
		{998FDE0E-74E2-412E-9EE7-D0FC4CAD2096}.Release|Any CPU.Build.0 = Release|Any CPU
	EndGlobalSection
	GlobalSection(SolutionProperties) = preSolution
		HideSolutionNode = FALSE
	EndGlobalSection
	GlobalSection(ExtensibilityGlobals) = postSolution
		SolutionGuid = {CF473586-E4CB-49A6-BAE5-FEB5FF43241B}
	EndGlobalSection
EndGlobal
