
Microsoft Visual Studio Solution File, Format Version 12.00
# Visual Studio Version 17
VisualStudioVersion = 17.4.33213.308
MinimumVisualStudioVersion = 10.0.40219.1
Project("{FAE04EC0-301F-11D3-BF4B-00C04F79EFBC}") = "RPOLI", "2parcial\RPOLI.csproj", "{201D5436-8993-4FBB-BDB9-8E4DFACEBA82}"
EndProject
Project("{FAE04EC0-301F-11D3-BF4B-00C04F79EFBC}") = "SalarioSemanal", "SalarioSemanal\SalarioSemanal.csproj", "{0F05A9AE-0DDF-4A47-946E-E608627993BD}"
EndProject
Project("{FAE04EC0-301F-11D3-BF4B-00C04F79EFBC}") = "Agenciadevihiculos", "Agenciadevihiculos\Agenciadevihiculos.csproj", "{BD4F2CA8-EB8F-4255-A8BC-FB96B9DC5BE1}"
EndProject
Global
	GlobalSection(SolutionConfigurationPlatforms) = preSolution
		Debug|Any CPU = Debug|Any CPU
		Release|Any CPU = Release|Any CPU
	EndGlobalSection
	GlobalSection(ProjectConfigurationPlatforms) = postSolution
		{201D5436-8993-4FBB-BDB9-8E4DFACEBA82}.Debug|Any CPU.ActiveCfg = Debug|Any CPU
		{201D5436-8993-4FBB-BDB9-8E4DFACEBA82}.Debug|Any CPU.Build.0 = Debug|Any CPU
		{201D5436-8993-4FBB-BDB9-8E4DFACEBA82}.Release|Any CPU.ActiveCfg = Release|Any CPU
		{201D5436-8993-4FBB-BDB9-8E4DFACEBA82}.Release|Any CPU.Build.0 = Release|Any CPU
		{0F05A9AE-0DDF-4A47-946E-E608627993BD}.Debug|Any CPU.ActiveCfg = Debug|Any CPU
		{0F05A9AE-0DDF-4A47-946E-E608627993BD}.Debug|Any CPU.Build.0 = Debug|Any CPU
		{0F05A9AE-0DDF-4A47-946E-E608627993BD}.Release|Any CPU.ActiveCfg = Release|Any CPU
		{0F05A9AE-0DDF-4A47-946E-E608627993BD}.Release|Any CPU.Build.0 = Release|Any CPU
		{BD4F2CA8-EB8F-4255-A8BC-FB96B9DC5BE1}.Debug|Any CPU.ActiveCfg = Debug|Any CPU
		{BD4F2CA8-EB8F-4255-A8BC-FB96B9DC5BE1}.Debug|Any CPU.Build.0 = Debug|Any CPU
		{BD4F2CA8-EB8F-4255-A8BC-FB96B9DC5BE1}.Release|Any CPU.ActiveCfg = Release|Any CPU
		{BD4F2CA8-EB8F-4255-A8BC-FB96B9DC5BE1}.Release|Any CPU.Build.0 = Release|Any CPU
	EndGlobalSection
	GlobalSection(SolutionProperties) = preSolution
		HideSolutionNode = FALSE
	EndGlobalSection
	GlobalSection(ExtensibilityGlobals) = postSolution
		SolutionGuid = {F6D586F9-BB56-45E2-93DE-918367B449D8}
	EndGlobalSection
EndGlobal
